
Microsoft Visual Studio Solution File, Format Version 12.00
# Visual Studio 15
VisualStudioVersion = 15.0.27004.2005
MinimumVisualStudioVersion = 10.0.40219.1
Project("{FAE04EC0-301F-11D3-BF4B-00C04F79EFBC}") = "Zadatak_1", "Zadatak_1\Zadatak_1.csproj", "{6B7D1226-DDF1-49B3-8B16-2E584E862B15}"
EndProject
Project("{FAE04EC0-301F-11D3-BF4B-00C04F79EFBC}") = "Zadatak_3", "Zadatak_3\Zadatak_3.csproj", "{D428D205-B3D8-483E-BECF-06DB646E538D}"
EndProject
Project("{FAE04EC0-301F-11D3-BF4B-00C04F79EFBC}") = "Zadatak_2", "Zadatak_2\Zadatak_2.csproj", "{35D056C8-8960-4968-9036-45156A3938A4}"
EndProject
Global
	GlobalSection(SolutionConfigurationPlatforms) = preSolution
		Debug|Any CPU = Debug|Any CPU
		Release|Any CPU = Release|Any CPU
	EndGlobalSection
	GlobalSection(ProjectConfigurationPlatforms) = postSolution
		{6B7D1226-DDF1-49B3-8B16-2E584E862B15}.Debug|Any CPU.ActiveCfg = Debug|Any CPU
		{6B7D1226-DDF1-49B3-8B16-2E584E862B15}.Debug|Any CPU.Build.0 = Debug|Any CPU
		{6B7D1226-DDF1-49B3-8B16-2E584E862B15}.Release|Any CPU.ActiveCfg = Release|Any CPU
		{6B7D1226-DDF1-49B3-8B16-2E584E862B15}.Release|Any CPU.Build.0 = Release|Any CPU
		{D428D205-B3D8-483E-BECF-06DB646E538D}.Debug|Any CPU.ActiveCfg = Debug|Any CPU
		{D428D205-B3D8-483E-BECF-06DB646E538D}.Debug|Any CPU.Build.0 = Debug|Any CPU
		{D428D205-B3D8-483E-BECF-06DB646E538D}.Release|Any CPU.ActiveCfg = Release|Any CPU
		{D428D205-B3D8-483E-BECF-06DB646E538D}.Release|Any CPU.Build.0 = Release|Any CPU
		{35D056C8-8960-4968-9036-45156A3938A4}.Debug|Any CPU.ActiveCfg = Debug|Any CPU
		{35D056C8-8960-4968-9036-45156A3938A4}.Debug|Any CPU.Build.0 = Debug|Any CPU
		{35D056C8-8960-4968-9036-45156A3938A4}.Release|Any CPU.ActiveCfg = Release|Any CPU
		{35D056C8-8960-4968-9036-45156A3938A4}.Release|Any CPU.Build.0 = Release|Any CPU
	EndGlobalSection
	GlobalSection(SolutionProperties) = preSolution
		HideSolutionNode = FALSE
	EndGlobalSection
	GlobalSection(ExtensibilityGlobals) = postSolution
		SolutionGuid = {40B63E2A-239D-410E-923F-76BDB1A0110B}
	EndGlobalSection
EndGlobal
